
Microsoft Visual Studio Solution File, Format Version 12.00
# Visual Studio 15
VisualStudioVersion = 15.0.28010.2003
MinimumVisualStudioVersion = 10.0.40219.1
Project("{8BC9CEB8-8B4A-11D0-8D11-00A0C91BC942}") = "ejercicio casa DIGV", "ejercicio casa DIGV\ejercicio casa DIGV.vcxproj", "{1010BFE5-1206-4BD8-97A7-12294822AE16}"
EndProject
Global
	GlobalSection(SolutionConfigurationPlatforms) = preSolution
		Debug|x64 = Debug|x64
		Debug|x86 = Debug|x86
		Release|x64 = Release|x64
		Release|x86 = Release|x86
	EndGlobalSection
	GlobalSection(ProjectConfigurationPlatforms) = postSolution
		{1010BFE5-1206-4BD8-97A7-12294822AE16}.Debug|x64.ActiveCfg = Debug|x64
		{1010BFE5-1206-4BD8-97A7-12294822AE16}.Debug|x64.Build.0 = Debug|x64
		{1010BFE5-1206-4BD8-97A7-12294822AE16}.Debug|x86.ActiveCfg = Debug|Win32
		{1010BFE5-1206-4BD8-97A7-12294822AE16}.Debug|x86.Build.0 = Debug|Win32
		{1010BFE5-1206-4BD8-97A7-12294822AE16}.Release|x64.ActiveCfg = Release|x64
		{1010BFE5-1206-4BD8-97A7-12294822AE16}.Release|x64.Build.0 = Release|x64
		{1010BFE5-1206-4BD8-97A7-12294822AE16}.Release|x86.ActiveCfg = Release|Win32
		{1010BFE5-1206-4BD8-97A7-12294822AE16}.Release|x86.Build.0 = Release|Win32
	EndGlobalSection
	GlobalSection(SolutionProperties) = preSolution
		HideSolutionNode = FALSE
	EndGlobalSection
	GlobalSection(ExtensibilityGlobals) = postSolution
		SolutionGuid = {4669F708-C5A5-4019-B31F-4373CE03785C}
	EndGlobalSection
EndGlobal
